
Microsoft Visual Studio Solution File, Format Version 12.00
# Visual Studio Version 17
VisualStudioVersion = 17.2.32616.157
MinimumVisualStudioVersion = 10.0.40219.1
Project("{FAE04EC0-301F-11D3-BF4B-00C04F79EFBC}") = "P01.Person", "P01.Person\P01.Person.csproj", "{230BC502-3D81-40CC-9A5A-5655C098A354}"
EndProject
Global
	GlobalSection(SolutionConfigurationPlatforms) = preSolution
		Debug|Any CPU = Debug|Any CPU
		Release|Any CPU = Release|Any CPU
	EndGlobalSection
	GlobalSection(ProjectConfigurationPlatforms) = postSolution
		{230BC502-3D81-40CC-9A5A-5655C098A354}.Debug|Any CPU.ActiveCfg = Debug|Any CPU
		{230BC502-3D81-40CC-9A5A-5655C098A354}.Debug|Any CPU.Build.0 = Debug|Any CPU
		{230BC502-3D81-40CC-9A5A-5655C098A354}.Release|Any CPU.ActiveCfg = Release|Any CPU
		{230BC502-3D81-40CC-9A5A-5655C098A354}.Release|Any CPU.Build.0 = Release|Any CPU
	EndGlobalSection
	GlobalSection(SolutionProperties) = preSolution
		HideSolutionNode = FALSE
	EndGlobalSection
	GlobalSection(ExtensibilityGlobals) = postSolution
		SolutionGuid = {D92366CA-FEB3-438E-8D51-A834F5E2D404}
	EndGlobalSection
EndGlobal
