
Microsoft Visual Studio Solution File, Format Version 12.00
# Visual Studio Version 17
VisualStudioVersion = 17.2.32616.157
MinimumVisualStudioVersion = 10.0.40219.1
Project("{9A19103F-16F7-4668-BE54-9A1E7A4F7556}") = "Team", "Team\Team.csproj", "{C8D664D3-70CC-45AA-A8D7-BEE2957E244F}"
EndProject
Project("{9A19103F-16F7-4668-BE54-9A1E7A4F7556}") = "P01.ClassBoxData", "P01.ClassBoxData\P01.ClassBoxData.csproj", "{B77D5E17-3B02-4FAC-98F3-0E9F839127E7}"
EndProject
Project("{FAE04EC0-301F-11D3-BF4B-00C04F79EFBC}") = "P03.ShoppingSpree", "P03.ShoppingSpree\P03.ShoppingSpree.csproj", "{1F2CB5CD-0CCB-4F8E-950D-92AF5A62E4E5}"
EndProject
Project("{FAE04EC0-301F-11D3-BF4B-00C04F79EFBC}") = "P04.PizzaCalories", "P04.PizzaCalories\P04.PizzaCalories.csproj", "{236CDC81-B76C-4B15-9764-F5D454FDB0FF}"
EndProject
Global
	GlobalSection(SolutionConfigurationPlatforms) = preSolution
		Debug|Any CPU = Debug|Any CPU
		Release|Any CPU = Release|Any CPU
	EndGlobalSection
	GlobalSection(ProjectConfigurationPlatforms) = postSolution
		{C8D664D3-70CC-45AA-A8D7-BEE2957E244F}.Debug|Any CPU.ActiveCfg = Debug|Any CPU
		{C8D664D3-70CC-45AA-A8D7-BEE2957E244F}.Debug|Any CPU.Build.0 = Debug|Any CPU
		{C8D664D3-70CC-45AA-A8D7-BEE2957E244F}.Release|Any CPU.ActiveCfg = Release|Any CPU
		{C8D664D3-70CC-45AA-A8D7-BEE2957E244F}.Release|Any CPU.Build.0 = Release|Any CPU
		{B77D5E17-3B02-4FAC-98F3-0E9F839127E7}.Debug|Any CPU.ActiveCfg = Debug|Any CPU
		{B77D5E17-3B02-4FAC-98F3-0E9F839127E7}.Debug|Any CPU.Build.0 = Debug|Any CPU
		{B77D5E17-3B02-4FAC-98F3-0E9F839127E7}.Release|Any CPU.ActiveCfg = Release|Any CPU
		{B77D5E17-3B02-4FAC-98F3-0E9F839127E7}.Release|Any CPU.Build.0 = Release|Any CPU
		{1F2CB5CD-0CCB-4F8E-950D-92AF5A62E4E5}.Debug|Any CPU.ActiveCfg = Debug|Any CPU
		{1F2CB5CD-0CCB-4F8E-950D-92AF5A62E4E5}.Debug|Any CPU.Build.0 = Debug|Any CPU
		{1F2CB5CD-0CCB-4F8E-950D-92AF5A62E4E5}.Release|Any CPU.ActiveCfg = Release|Any CPU
		{1F2CB5CD-0CCB-4F8E-950D-92AF5A62E4E5}.Release|Any CPU.Build.0 = Release|Any CPU
		{236CDC81-B76C-4B15-9764-F5D454FDB0FF}.Debug|Any CPU.ActiveCfg = Debug|Any CPU
		{236CDC81-B76C-4B15-9764-F5D454FDB0FF}.Debug|Any CPU.Build.0 = Debug|Any CPU
		{236CDC81-B76C-4B15-9764-F5D454FDB0FF}.Release|Any CPU.ActiveCfg = Release|Any CPU
		{236CDC81-B76C-4B15-9764-F5D454FDB0FF}.Release|Any CPU.Build.0 = Release|Any CPU
	EndGlobalSection
	GlobalSection(SolutionProperties) = preSolution
		HideSolutionNode = FALSE
	EndGlobalSection
	GlobalSection(ExtensibilityGlobals) = postSolution
		SolutionGuid = {49DEA633-EF33-4AF9-8147-05C896DE70E5}
	EndGlobalSection
EndGlobal
