
Microsoft Visual Studio Solution File, Format Version 12.00
# Visual Studio Version 17
VisualStudioVersion = 17.2.32616.157
MinimumVisualStudioVersion = 10.0.40219.1
Project("{FAE04EC0-301F-11D3-BF4B-00C04F79EFBC}") = "Team", "Team\Team.csproj", "{C8D664D3-70CC-45AA-A8D7-BEE2957E244F}"
EndProject
Global
	GlobalSection(SolutionConfigurationPlatforms) = preSolution
		Debug|Any CPU = Debug|Any CPU
		Release|Any CPU = Release|Any CPU
	EndGlobalSection
	GlobalSection(ProjectConfigurationPlatforms) = postSolution
		{C8D664D3-70CC-45AA-A8D7-BEE2957E244F}.Debug|Any CPU.ActiveCfg = Debug|Any CPU
		{C8D664D3-70CC-45AA-A8D7-BEE2957E244F}.Debug|Any CPU.Build.0 = Debug|Any CPU
		{C8D664D3-70CC-45AA-A8D7-BEE2957E244F}.Release|Any CPU.ActiveCfg = Release|Any CPU
		{C8D664D3-70CC-45AA-A8D7-BEE2957E244F}.Release|Any CPU.Build.0 = Release|Any CPU
	EndGlobalSection
	GlobalSection(SolutionProperties) = preSolution
		HideSolutionNode = FALSE
	EndGlobalSection
	GlobalSection(ExtensibilityGlobals) = postSolution
		SolutionGuid = {49DEA633-EF33-4AF9-8147-05C896DE70E5}
	EndGlobalSection
EndGlobal
