
Microsoft Visual Studio Solution File, Format Version 12.00
# Visual Studio Version 17
VisualStudioVersion = 17.2.32519.379
MinimumVisualStudioVersion = 10.0.40219.1
Project("{FAE04EC0-301F-11D3-BF4B-00C04F79EFBC}") = "P01.ActionPrint", "P01.ActionPrint\P01.ActionPrint.csproj", "{3697162B-EE94-4570-A82A-1A88150D9594}"
EndProject
Project("{FAE04EC0-301F-11D3-BF4B-00C04F79EFBC}") = "P02.KnightsOfHonor", "P02.KnightsOfHonor\P02.KnightsOfHonor.csproj", "{1C3BF44B-0713-471C-A3C6-1DFB44AD3722}"
EndProject
Project("{FAE04EC0-301F-11D3-BF4B-00C04F79EFBC}") = "P03.CustomMinFunction", "P03.CustomMinFunction\P03.CustomMinFunction.csproj", "{65AF54B6-489E-4921-AE8B-0D7D8E6236F2}"
EndProject
Project("{FAE04EC0-301F-11D3-BF4B-00C04F79EFBC}") = "P04.FindEvensOrOdds", "P04.FindEvensOrOdds\P04.FindEvensOrOdds.csproj", "{8FBBD7C9-D963-40FF-A2D6-218877C122F7}"
EndProject
Project("{FAE04EC0-301F-11D3-BF4B-00C04F79EFBC}") = "P05.AppliedArithmetics", "P05.AppliedArithmetics\P05.AppliedArithmetics.csproj", "{06A65819-B2A1-4136-80DC-25255ABD2690}"
EndProject
Global
	GlobalSection(SolutionConfigurationPlatforms) = preSolution
		Debug|Any CPU = Debug|Any CPU
		Release|Any CPU = Release|Any CPU
	EndGlobalSection
	GlobalSection(ProjectConfigurationPlatforms) = postSolution
		{3697162B-EE94-4570-A82A-1A88150D9594}.Debug|Any CPU.ActiveCfg = Debug|Any CPU
		{3697162B-EE94-4570-A82A-1A88150D9594}.Debug|Any CPU.Build.0 = Debug|Any CPU
		{3697162B-EE94-4570-A82A-1A88150D9594}.Release|Any CPU.ActiveCfg = Release|Any CPU
		{3697162B-EE94-4570-A82A-1A88150D9594}.Release|Any CPU.Build.0 = Release|Any CPU
		{1C3BF44B-0713-471C-A3C6-1DFB44AD3722}.Debug|Any CPU.ActiveCfg = Debug|Any CPU
		{1C3BF44B-0713-471C-A3C6-1DFB44AD3722}.Debug|Any CPU.Build.0 = Debug|Any CPU
		{1C3BF44B-0713-471C-A3C6-1DFB44AD3722}.Release|Any CPU.ActiveCfg = Release|Any CPU
		{1C3BF44B-0713-471C-A3C6-1DFB44AD3722}.Release|Any CPU.Build.0 = Release|Any CPU
		{65AF54B6-489E-4921-AE8B-0D7D8E6236F2}.Debug|Any CPU.ActiveCfg = Debug|Any CPU
		{65AF54B6-489E-4921-AE8B-0D7D8E6236F2}.Debug|Any CPU.Build.0 = Debug|Any CPU
		{65AF54B6-489E-4921-AE8B-0D7D8E6236F2}.Release|Any CPU.ActiveCfg = Release|Any CPU
		{65AF54B6-489E-4921-AE8B-0D7D8E6236F2}.Release|Any CPU.Build.0 = Release|Any CPU
		{8FBBD7C9-D963-40FF-A2D6-218877C122F7}.Debug|Any CPU.ActiveCfg = Debug|Any CPU
		{8FBBD7C9-D963-40FF-A2D6-218877C122F7}.Debug|Any CPU.Build.0 = Debug|Any CPU
		{8FBBD7C9-D963-40FF-A2D6-218877C122F7}.Release|Any CPU.ActiveCfg = Release|Any CPU
		{8FBBD7C9-D963-40FF-A2D6-218877C122F7}.Release|Any CPU.Build.0 = Release|Any CPU
		{06A65819-B2A1-4136-80DC-25255ABD2690}.Debug|Any CPU.ActiveCfg = Debug|Any CPU
		{06A65819-B2A1-4136-80DC-25255ABD2690}.Debug|Any CPU.Build.0 = Debug|Any CPU
		{06A65819-B2A1-4136-80DC-25255ABD2690}.Release|Any CPU.ActiveCfg = Release|Any CPU
		{06A65819-B2A1-4136-80DC-25255ABD2690}.Release|Any CPU.Build.0 = Release|Any CPU
	EndGlobalSection
	GlobalSection(SolutionProperties) = preSolution
		HideSolutionNode = FALSE
	EndGlobalSection
	GlobalSection(ExtensibilityGlobals) = postSolution
		SolutionGuid = {1D5C48A2-E861-449D-BBD4-C3136728E0D6}
	EndGlobalSection
EndGlobal
