
Microsoft Visual Studio Solution File, Format Version 12.00
# Visual Studio Version 17
VisualStudioVersion = 17.5.33414.496
MinimumVisualStudioVersion = 10.0.40219.1
Project("{FAE04EC0-301F-11D3-BF4B-00C04F79EFBC}") = "P00.Demo", "P00.Demo\P00.Demo.csproj", "{B9636EC0-E5E8-491F-84D1-2B96E9A5775A}"
EndProject
Global
	GlobalSection(SolutionConfigurationPlatforms) = preSolution
		Debug|Any CPU = Debug|Any CPU
		Release|Any CPU = Release|Any CPU
	EndGlobalSection
	GlobalSection(ProjectConfigurationPlatforms) = postSolution
		{B9636EC0-E5E8-491F-84D1-2B96E9A5775A}.Debug|Any CPU.ActiveCfg = Debug|Any CPU
		{B9636EC0-E5E8-491F-84D1-2B96E9A5775A}.Debug|Any CPU.Build.0 = Debug|Any CPU
		{B9636EC0-E5E8-491F-84D1-2B96E9A5775A}.Release|Any CPU.ActiveCfg = Release|Any CPU
		{B9636EC0-E5E8-491F-84D1-2B96E9A5775A}.Release|Any CPU.Build.0 = Release|Any CPU
	EndGlobalSection
	GlobalSection(SolutionProperties) = preSolution
		HideSolutionNode = FALSE
	EndGlobalSection
	GlobalSection(ExtensibilityGlobals) = postSolution
		SolutionGuid = {F2F20B03-94CE-49FA-9898-CE9697723F5B}
	EndGlobalSection
EndGlobal
