
Microsoft Visual Studio Solution File, Format Version 12.00
# Visual Studio Version 17
VisualStudioVersion = 17.5.33414.496
MinimumVisualStudioVersion = 10.0.40219.1
Project("{FAE04EC0-301F-11D3-BF4B-00C04F79EFBC}") = "P01.StudentSystem", "P01.StudentSystem\P01.StudentSystem.csproj", "{AF632539-75AE-45AB-95FE-5F8AC0824FFF}"
EndProject
Project("{FAE04EC0-301F-11D3-BF4B-00C04F79EFBC}") = "P01.StudentSystem.Data", "P01.StudentSystem.Data\P01.StudentSystem.Data.csproj", "{26668691-1522-453E-A079-BF58C9327996}"
EndProject
Project("{FAE04EC0-301F-11D3-BF4B-00C04F79EFBC}") = "P01.StudentSystem.Data.Common", "P01.StudentSystem.Data.Common\P01.StudentSystem.Data.Common.csproj", "{4F9F77E8-75BE-40E5-AE92-EED4B1DF9802}"
EndProject
Project("{FAE04EC0-301F-11D3-BF4B-00C04F79EFBC}") = "P01.StudentSystem.Data.Models", "P01.StudentSystem.Data.Models\P01.StudentSystem.Data.Models.csproj", "{F9AAAC32-F1DB-49F8-8AD9-86BE22A11259}"
EndProject
Global
	GlobalSection(SolutionConfigurationPlatforms) = preSolution
		Debug|Any CPU = Debug|Any CPU
		Release|Any CPU = Release|Any CPU
	EndGlobalSection
	GlobalSection(ProjectConfigurationPlatforms) = postSolution
		{AF632539-75AE-45AB-95FE-5F8AC0824FFF}.Debug|Any CPU.ActiveCfg = Debug|Any CPU
		{AF632539-75AE-45AB-95FE-5F8AC0824FFF}.Debug|Any CPU.Build.0 = Debug|Any CPU
		{AF632539-75AE-45AB-95FE-5F8AC0824FFF}.Release|Any CPU.ActiveCfg = Release|Any CPU
		{AF632539-75AE-45AB-95FE-5F8AC0824FFF}.Release|Any CPU.Build.0 = Release|Any CPU
		{26668691-1522-453E-A079-BF58C9327996}.Debug|Any CPU.ActiveCfg = Debug|Any CPU
		{26668691-1522-453E-A079-BF58C9327996}.Debug|Any CPU.Build.0 = Debug|Any CPU
		{26668691-1522-453E-A079-BF58C9327996}.Release|Any CPU.ActiveCfg = Release|Any CPU
		{26668691-1522-453E-A079-BF58C9327996}.Release|Any CPU.Build.0 = Release|Any CPU
		{4F9F77E8-75BE-40E5-AE92-EED4B1DF9802}.Debug|Any CPU.ActiveCfg = Debug|Any CPU
		{4F9F77E8-75BE-40E5-AE92-EED4B1DF9802}.Debug|Any CPU.Build.0 = Debug|Any CPU
		{4F9F77E8-75BE-40E5-AE92-EED4B1DF9802}.Release|Any CPU.ActiveCfg = Release|Any CPU
		{4F9F77E8-75BE-40E5-AE92-EED4B1DF9802}.Release|Any CPU.Build.0 = Release|Any CPU
		{F9AAAC32-F1DB-49F8-8AD9-86BE22A11259}.Debug|Any CPU.ActiveCfg = Debug|Any CPU
		{F9AAAC32-F1DB-49F8-8AD9-86BE22A11259}.Debug|Any CPU.Build.0 = Debug|Any CPU
		{F9AAAC32-F1DB-49F8-8AD9-86BE22A11259}.Release|Any CPU.ActiveCfg = Release|Any CPU
		{F9AAAC32-F1DB-49F8-8AD9-86BE22A11259}.Release|Any CPU.Build.0 = Release|Any CPU
	EndGlobalSection
	GlobalSection(SolutionProperties) = preSolution
		HideSolutionNode = FALSE
	EndGlobalSection
	GlobalSection(ExtensibilityGlobals) = postSolution
		SolutionGuid = {B25480AD-0F61-4C7B-9F2E-FC59D30422B1}
	EndGlobalSection
EndGlobal
