
Microsoft Visual Studio Solution File, Format Version 12.00
# Visual Studio Version 17
VisualStudioVersion = 17.3.32825.248
MinimumVisualStudioVersion = 10.0.40219.1
Project("{9A19103F-16F7-4668-BE54-9A1E7A4F7556}") = "Library", "Library\Library.csproj", "{37380E60-4044-4C90-BF0B-39987E006B6E}"
EndProject
Project("{FAE04EC0-301F-11D3-BF4B-00C04F79EFBC}") = "Library.Data", "Library.Data\Library.Data.csproj", "{B9623C67-4808-4565-A8D1-98648999E7F9}"
EndProject
Project("{FAE04EC0-301F-11D3-BF4B-00C04F79EFBC}") = "Library.Data.Models", "Library.Data.Models\Library.Data.Models.csproj", "{9C8C533B-D062-4E51-954D-9F2F96DEECE3}"
EndProject
Project("{FAE04EC0-301F-11D3-BF4B-00C04F79EFBC}") = "Library.Services", "Library.Services\Library.Services.csproj", "{FE970817-3E85-4065-8DCA-620275AF8E7B}"
EndProject
Project("{FAE04EC0-301F-11D3-BF4B-00C04F79EFBC}") = "Library.Common", "Library.Common\Library.Common.csproj", "{70559B41-E7E8-469B-8F1C-220C407E1E69}"
EndProject
Project("{FAE04EC0-301F-11D3-BF4B-00C04F79EFBC}") = "Library.ViewModels", "Library.ViewModels\Library.ViewModels.csproj", "{B2476099-7C61-413B-80EE-A72CD07B3D58}"
EndProject
Global
	GlobalSection(SolutionConfigurationPlatforms) = preSolution
		Debug|Any CPU = Debug|Any CPU
		Release|Any CPU = Release|Any CPU
	EndGlobalSection
	GlobalSection(ProjectConfigurationPlatforms) = postSolution
		{37380E60-4044-4C90-BF0B-39987E006B6E}.Debug|Any CPU.ActiveCfg = Debug|Any CPU
		{37380E60-4044-4C90-BF0B-39987E006B6E}.Debug|Any CPU.Build.0 = Debug|Any CPU
		{37380E60-4044-4C90-BF0B-39987E006B6E}.Release|Any CPU.ActiveCfg = Release|Any CPU
		{37380E60-4044-4C90-BF0B-39987E006B6E}.Release|Any CPU.Build.0 = Release|Any CPU
		{B9623C67-4808-4565-A8D1-98648999E7F9}.Debug|Any CPU.ActiveCfg = Debug|Any CPU
		{B9623C67-4808-4565-A8D1-98648999E7F9}.Debug|Any CPU.Build.0 = Debug|Any CPU
		{B9623C67-4808-4565-A8D1-98648999E7F9}.Release|Any CPU.ActiveCfg = Release|Any CPU
		{B9623C67-4808-4565-A8D1-98648999E7F9}.Release|Any CPU.Build.0 = Release|Any CPU
		{9C8C533B-D062-4E51-954D-9F2F96DEECE3}.Debug|Any CPU.ActiveCfg = Debug|Any CPU
		{9C8C533B-D062-4E51-954D-9F2F96DEECE3}.Debug|Any CPU.Build.0 = Debug|Any CPU
		{9C8C533B-D062-4E51-954D-9F2F96DEECE3}.Release|Any CPU.ActiveCfg = Release|Any CPU
		{9C8C533B-D062-4E51-954D-9F2F96DEECE3}.Release|Any CPU.Build.0 = Release|Any CPU
		{FE970817-3E85-4065-8DCA-620275AF8E7B}.Debug|Any CPU.ActiveCfg = Debug|Any CPU
		{FE970817-3E85-4065-8DCA-620275AF8E7B}.Debug|Any CPU.Build.0 = Debug|Any CPU
		{FE970817-3E85-4065-8DCA-620275AF8E7B}.Release|Any CPU.ActiveCfg = Release|Any CPU
		{FE970817-3E85-4065-8DCA-620275AF8E7B}.Release|Any CPU.Build.0 = Release|Any CPU
		{70559B41-E7E8-469B-8F1C-220C407E1E69}.Debug|Any CPU.ActiveCfg = Debug|Any CPU
		{70559B41-E7E8-469B-8F1C-220C407E1E69}.Debug|Any CPU.Build.0 = Debug|Any CPU
		{70559B41-E7E8-469B-8F1C-220C407E1E69}.Release|Any CPU.ActiveCfg = Release|Any CPU
		{70559B41-E7E8-469B-8F1C-220C407E1E69}.Release|Any CPU.Build.0 = Release|Any CPU
		{B2476099-7C61-413B-80EE-A72CD07B3D58}.Debug|Any CPU.ActiveCfg = Debug|Any CPU
		{B2476099-7C61-413B-80EE-A72CD07B3D58}.Debug|Any CPU.Build.0 = Debug|Any CPU
		{B2476099-7C61-413B-80EE-A72CD07B3D58}.Release|Any CPU.ActiveCfg = Release|Any CPU
		{B2476099-7C61-413B-80EE-A72CD07B3D58}.Release|Any CPU.Build.0 = Release|Any CPU
	EndGlobalSection
	GlobalSection(SolutionProperties) = preSolution
		HideSolutionNode = FALSE
	EndGlobalSection
	GlobalSection(ExtensibilityGlobals) = postSolution
		SolutionGuid = {C852500B-3C10-4AB1-9639-0041CC4E36DA}
	EndGlobalSection
EndGlobal
