
Microsoft Visual Studio Solution File, Format Version 12.00
# Visual Studio Version 17
VisualStudioVersion = 17.2.32526.322
MinimumVisualStudioVersion = 10.0.40219.1
Project("{FAE04EC0-301F-11D3-BF4B-00C04F79EFBC}") = "P01.GenericBoxOfString", "P01.GenericBoxOfString\P01.GenericBoxOfString.csproj", "{B56BEA9F-9253-48BC-A91E-4B96390A7E80}"
EndProject
Global
	GlobalSection(SolutionConfigurationPlatforms) = preSolution
		Debug|Any CPU = Debug|Any CPU
		Release|Any CPU = Release|Any CPU
	EndGlobalSection
	GlobalSection(ProjectConfigurationPlatforms) = postSolution
		{B56BEA9F-9253-48BC-A91E-4B96390A7E80}.Debug|Any CPU.ActiveCfg = Debug|Any CPU
		{B56BEA9F-9253-48BC-A91E-4B96390A7E80}.Debug|Any CPU.Build.0 = Debug|Any CPU
		{B56BEA9F-9253-48BC-A91E-4B96390A7E80}.Release|Any CPU.ActiveCfg = Release|Any CPU
		{B56BEA9F-9253-48BC-A91E-4B96390A7E80}.Release|Any CPU.Build.0 = Release|Any CPU
	EndGlobalSection
	GlobalSection(SolutionProperties) = preSolution
		HideSolutionNode = FALSE
	EndGlobalSection
	GlobalSection(ExtensibilityGlobals) = postSolution
		SolutionGuid = {B2A26110-F765-40EA-B2E5-EC84B9EC975D}
	EndGlobalSection
EndGlobal
