
Microsoft Visual Studio Solution File, Format Version 12.00
# Visual Studio Version 17
VisualStudioVersion = 17.5.33627.172
MinimumVisualStudioVersion = 10.0.40219.1
Project("{9A19103F-16F7-4668-BE54-9A1E7A4F7556}") = "ForumApp", "ForumApp\ForumApp.csproj", "{5316F3FD-C214-4FC0-8443-9D08F5751831}"
EndProject
Project("{FAE04EC0-301F-11D3-BF4B-00C04F79EFBC}") = "ForumApp.Data", "ForumApp.Data\ForumApp.Data.csproj", "{A03EAA79-040A-4CEA-83F2-61530385A6A0}"
EndProject
Project("{FAE04EC0-301F-11D3-BF4B-00C04F79EFBC}") = "ForumApp.Data.Models", "ForumApp.Data.Models\ForumApp.Data.Models.csproj", "{FB8D0E7F-96C5-423E-927A-BF0C6BCB2F9D}"
EndProject
Project("{FAE04EC0-301F-11D3-BF4B-00C04F79EFBC}") = "ForumApp.Services", "ForumApp.Services\ForumApp.Services.csproj", "{AE6BEF9F-E574-497E-AE40-F156E051FAEC}"
EndProject
Project("{FAE04EC0-301F-11D3-BF4B-00C04F79EFBC}") = "ForumApp.ViewModels", "ForumApp.ViewModels\ForumApp.ViewModels.csproj", "{9901F600-5B5D-4D2C-BD77-2084A4687CBC}"
EndProject
Project("{FAE04EC0-301F-11D3-BF4B-00C04F79EFBC}") = "ForumApp.Common", "ForumApp.Common\ForumApp.Common.csproj", "{AC848489-2EB8-4A2C-8667-7E5F4EE711F9}"
EndProject
Global
	GlobalSection(SolutionConfigurationPlatforms) = preSolution
		Debug|Any CPU = Debug|Any CPU
		Release|Any CPU = Release|Any CPU
	EndGlobalSection
	GlobalSection(ProjectConfigurationPlatforms) = postSolution
		{5316F3FD-C214-4FC0-8443-9D08F5751831}.Debug|Any CPU.ActiveCfg = Debug|Any CPU
		{5316F3FD-C214-4FC0-8443-9D08F5751831}.Debug|Any CPU.Build.0 = Debug|Any CPU
		{5316F3FD-C214-4FC0-8443-9D08F5751831}.Release|Any CPU.ActiveCfg = Release|Any CPU
		{5316F3FD-C214-4FC0-8443-9D08F5751831}.Release|Any CPU.Build.0 = Release|Any CPU
		{A03EAA79-040A-4CEA-83F2-61530385A6A0}.Debug|Any CPU.ActiveCfg = Debug|Any CPU
		{A03EAA79-040A-4CEA-83F2-61530385A6A0}.Debug|Any CPU.Build.0 = Debug|Any CPU
		{A03EAA79-040A-4CEA-83F2-61530385A6A0}.Release|Any CPU.ActiveCfg = Release|Any CPU
		{A03EAA79-040A-4CEA-83F2-61530385A6A0}.Release|Any CPU.Build.0 = Release|Any CPU
		{FB8D0E7F-96C5-423E-927A-BF0C6BCB2F9D}.Debug|Any CPU.ActiveCfg = Debug|Any CPU
		{FB8D0E7F-96C5-423E-927A-BF0C6BCB2F9D}.Debug|Any CPU.Build.0 = Debug|Any CPU
		{FB8D0E7F-96C5-423E-927A-BF0C6BCB2F9D}.Release|Any CPU.ActiveCfg = Release|Any CPU
		{FB8D0E7F-96C5-423E-927A-BF0C6BCB2F9D}.Release|Any CPU.Build.0 = Release|Any CPU
		{AE6BEF9F-E574-497E-AE40-F156E051FAEC}.Debug|Any CPU.ActiveCfg = Debug|Any CPU
		{AE6BEF9F-E574-497E-AE40-F156E051FAEC}.Debug|Any CPU.Build.0 = Debug|Any CPU
		{AE6BEF9F-E574-497E-AE40-F156E051FAEC}.Release|Any CPU.ActiveCfg = Release|Any CPU
		{AE6BEF9F-E574-497E-AE40-F156E051FAEC}.Release|Any CPU.Build.0 = Release|Any CPU
		{9901F600-5B5D-4D2C-BD77-2084A4687CBC}.Debug|Any CPU.ActiveCfg = Debug|Any CPU
		{9901F600-5B5D-4D2C-BD77-2084A4687CBC}.Debug|Any CPU.Build.0 = Debug|Any CPU
		{9901F600-5B5D-4D2C-BD77-2084A4687CBC}.Release|Any CPU.ActiveCfg = Release|Any CPU
		{9901F600-5B5D-4D2C-BD77-2084A4687CBC}.Release|Any CPU.Build.0 = Release|Any CPU
		{AC848489-2EB8-4A2C-8667-7E5F4EE711F9}.Debug|Any CPU.ActiveCfg = Debug|Any CPU
		{AC848489-2EB8-4A2C-8667-7E5F4EE711F9}.Debug|Any CPU.Build.0 = Debug|Any CPU
		{AC848489-2EB8-4A2C-8667-7E5F4EE711F9}.Release|Any CPU.ActiveCfg = Release|Any CPU
		{AC848489-2EB8-4A2C-8667-7E5F4EE711F9}.Release|Any CPU.Build.0 = Release|Any CPU
	EndGlobalSection
	GlobalSection(SolutionProperties) = preSolution
		HideSolutionNode = FALSE
	EndGlobalSection
	GlobalSection(ExtensibilityGlobals) = postSolution
		SolutionGuid = {875FFB0B-C672-4328-B7C0-D3EC21C390EC}
	EndGlobalSection
EndGlobal
