
Microsoft Visual Studio Solution File, Format Version 12.00
# Visual Studio Version 17
VisualStudioVersion = 17.2.32516.85
MinimumVisualStudioVersion = 10.0.40219.1
Project("{9A19103F-16F7-4668-BE54-9A1E7A4F7556}") = "P01.UniqueUsernames", "P01.UniqueUsernames\P01.UniqueUsernames.csproj", "{9F10AAC5-E762-4969-8446-EC19A9D8DA9F}"
EndProject
Project("{9A19103F-16F7-4668-BE54-9A1E7A4F7556}") = "P02.SetsOfElements", "P02.SetsOfElements\P02.SetsOfElements.csproj", "{4304D4C4-E735-4A8A-8026-E37BA9AD6201}"
EndProject
Project("{9A19103F-16F7-4668-BE54-9A1E7A4F7556}") = "P03.PeriodicTable", "P03.PeriodicTable\P03.PeriodicTable.csproj", "{9C0833E6-F728-4AE8-989C-BA6054BBDE2F}"
EndProject
Project("{9A19103F-16F7-4668-BE54-9A1E7A4F7556}") = "P04.EvenTimes", "P04.EvenTimes\P04.EvenTimes.csproj", "{5719BFB2-633A-47A4-8ADA-B2122B796663}"
EndProject
Project("{9A19103F-16F7-4668-BE54-9A1E7A4F7556}") = "P05.CountSymbols", "P05.CountSymbols\P05.CountSymbols.csproj", "{061AE973-F545-4389-9664-CAED27D33BF8}"
EndProject
Project("{9A19103F-16F7-4668-BE54-9A1E7A4F7556}") = "P06.Wardrobe", "P06.Wardrobe\P06.Wardrobe.csproj", "{B918984F-6068-4F49-91A3-CA8F2B32C3A0}"
EndProject
Project("{FAE04EC0-301F-11D3-BF4B-00C04F79EFBC}") = "P09.SoftUniExamResults", "P09.SoftUniExamResults\P09.SoftUniExamResults.csproj", "{ED648B9E-3DD3-4912-AFB3-E0844C312868}"
EndProject
Global
	GlobalSection(SolutionConfigurationPlatforms) = preSolution
		Debug|Any CPU = Debug|Any CPU
		Release|Any CPU = Release|Any CPU
	EndGlobalSection
	GlobalSection(ProjectConfigurationPlatforms) = postSolution
		{9F10AAC5-E762-4969-8446-EC19A9D8DA9F}.Debug|Any CPU.ActiveCfg = Debug|Any CPU
		{9F10AAC5-E762-4969-8446-EC19A9D8DA9F}.Debug|Any CPU.Build.0 = Debug|Any CPU
		{9F10AAC5-E762-4969-8446-EC19A9D8DA9F}.Release|Any CPU.ActiveCfg = Release|Any CPU
		{9F10AAC5-E762-4969-8446-EC19A9D8DA9F}.Release|Any CPU.Build.0 = Release|Any CPU
		{4304D4C4-E735-4A8A-8026-E37BA9AD6201}.Debug|Any CPU.ActiveCfg = Debug|Any CPU
		{4304D4C4-E735-4A8A-8026-E37BA9AD6201}.Debug|Any CPU.Build.0 = Debug|Any CPU
		{4304D4C4-E735-4A8A-8026-E37BA9AD6201}.Release|Any CPU.ActiveCfg = Release|Any CPU
		{4304D4C4-E735-4A8A-8026-E37BA9AD6201}.Release|Any CPU.Build.0 = Release|Any CPU
		{9C0833E6-F728-4AE8-989C-BA6054BBDE2F}.Debug|Any CPU.ActiveCfg = Debug|Any CPU
		{9C0833E6-F728-4AE8-989C-BA6054BBDE2F}.Debug|Any CPU.Build.0 = Debug|Any CPU
		{9C0833E6-F728-4AE8-989C-BA6054BBDE2F}.Release|Any CPU.ActiveCfg = Release|Any CPU
		{9C0833E6-F728-4AE8-989C-BA6054BBDE2F}.Release|Any CPU.Build.0 = Release|Any CPU
		{5719BFB2-633A-47A4-8ADA-B2122B796663}.Debug|Any CPU.ActiveCfg = Debug|Any CPU
		{5719BFB2-633A-47A4-8ADA-B2122B796663}.Debug|Any CPU.Build.0 = Debug|Any CPU
		{5719BFB2-633A-47A4-8ADA-B2122B796663}.Release|Any CPU.ActiveCfg = Release|Any CPU
		{5719BFB2-633A-47A4-8ADA-B2122B796663}.Release|Any CPU.Build.0 = Release|Any CPU
		{061AE973-F545-4389-9664-CAED27D33BF8}.Debug|Any CPU.ActiveCfg = Debug|Any CPU
		{061AE973-F545-4389-9664-CAED27D33BF8}.Debug|Any CPU.Build.0 = Debug|Any CPU
		{061AE973-F545-4389-9664-CAED27D33BF8}.Release|Any CPU.ActiveCfg = Release|Any CPU
		{061AE973-F545-4389-9664-CAED27D33BF8}.Release|Any CPU.Build.0 = Release|Any CPU
		{B918984F-6068-4F49-91A3-CA8F2B32C3A0}.Debug|Any CPU.ActiveCfg = Debug|Any CPU
		{B918984F-6068-4F49-91A3-CA8F2B32C3A0}.Debug|Any CPU.Build.0 = Debug|Any CPU
		{B918984F-6068-4F49-91A3-CA8F2B32C3A0}.Release|Any CPU.ActiveCfg = Release|Any CPU
		{B918984F-6068-4F49-91A3-CA8F2B32C3A0}.Release|Any CPU.Build.0 = Release|Any CPU
		{ED648B9E-3DD3-4912-AFB3-E0844C312868}.Debug|Any CPU.ActiveCfg = Debug|Any CPU
		{ED648B9E-3DD3-4912-AFB3-E0844C312868}.Debug|Any CPU.Build.0 = Debug|Any CPU
		{ED648B9E-3DD3-4912-AFB3-E0844C312868}.Release|Any CPU.ActiveCfg = Release|Any CPU
		{ED648B9E-3DD3-4912-AFB3-E0844C312868}.Release|Any CPU.Build.0 = Release|Any CPU
	EndGlobalSection
	GlobalSection(SolutionProperties) = preSolution
		HideSolutionNode = FALSE
	EndGlobalSection
	GlobalSection(ExtensibilityGlobals) = postSolution
		SolutionGuid = {FF185B3F-E1F8-4BF4-8329-E00191DD0406}
	EndGlobalSection
EndGlobal
