
Microsoft Visual Studio Solution File, Format Version 12.00
# Visual Studio Version 17
VisualStudioVersion = 17.2.32602.215
MinimumVisualStudioVersion = 10.0.40219.1
Project("{FAE04EC0-301F-11D3-BF4B-00C04F79EFBC}") = "P02.ReVolt", "P02.Re-Volt\P02.ReVolt.csproj", "{CA0BAD6F-FF65-499C-A4C4-E71D23A2A803}"
EndProject
Project("{FAE04EC0-301F-11D3-BF4B-00C04F79EFBC}") = "P01.Masterchef", "P01.Masterchef\P01.Masterchef.csproj", "{01E2A114-44C0-47A7-9AA8-3A880D6C23A2}"
EndProject
Global
	GlobalSection(SolutionConfigurationPlatforms) = preSolution
		Debug|Any CPU = Debug|Any CPU
		Release|Any CPU = Release|Any CPU
	EndGlobalSection
	GlobalSection(ProjectConfigurationPlatforms) = postSolution
		{CA0BAD6F-FF65-499C-A4C4-E71D23A2A803}.Debug|Any CPU.ActiveCfg = Debug|Any CPU
		{CA0BAD6F-FF65-499C-A4C4-E71D23A2A803}.Debug|Any CPU.Build.0 = Debug|Any CPU
		{CA0BAD6F-FF65-499C-A4C4-E71D23A2A803}.Release|Any CPU.ActiveCfg = Release|Any CPU
		{CA0BAD6F-FF65-499C-A4C4-E71D23A2A803}.Release|Any CPU.Build.0 = Release|Any CPU
		{01E2A114-44C0-47A7-9AA8-3A880D6C23A2}.Debug|Any CPU.ActiveCfg = Debug|Any CPU
		{01E2A114-44C0-47A7-9AA8-3A880D6C23A2}.Debug|Any CPU.Build.0 = Debug|Any CPU
		{01E2A114-44C0-47A7-9AA8-3A880D6C23A2}.Release|Any CPU.ActiveCfg = Release|Any CPU
		{01E2A114-44C0-47A7-9AA8-3A880D6C23A2}.Release|Any CPU.Build.0 = Release|Any CPU
	EndGlobalSection
	GlobalSection(SolutionProperties) = preSolution
		HideSolutionNode = FALSE
	EndGlobalSection
	GlobalSection(ExtensibilityGlobals) = postSolution
		SolutionGuid = {A19DDF7A-559A-41DB-ABAC-ED7FBB124079}
	EndGlobalSection
EndGlobal
