
Microsoft Visual Studio Solution File, Format Version 12.00
# Visual Studio Version 17
VisualStudioVersion = 17.2.32526.322
MinimumVisualStudioVersion = 10.0.40219.1
Project("{9A19103F-16F7-4668-BE54-9A1E7A4F7556}") = "P01.BakeryShop", "P01.BakeryShop\P01.BakeryShop.csproj", "{332AD24E-CA1A-4D1B-A3D9-1188A304181F}"
EndProject
Project("{FAE04EC0-301F-11D3-BF4B-00C04F79EFBC}") = "P02.BeaverAtWork", "P02.BeaverAtWork\P02.BeaverAtWork.csproj", "{4C1C8386-51F0-4AA1-989C-CEAEE424220C}"
EndProject
Global
	GlobalSection(SolutionConfigurationPlatforms) = preSolution
		Debug|Any CPU = Debug|Any CPU
		Release|Any CPU = Release|Any CPU
	EndGlobalSection
	GlobalSection(ProjectConfigurationPlatforms) = postSolution
		{332AD24E-CA1A-4D1B-A3D9-1188A304181F}.Debug|Any CPU.ActiveCfg = Debug|Any CPU
		{332AD24E-CA1A-4D1B-A3D9-1188A304181F}.Debug|Any CPU.Build.0 = Debug|Any CPU
		{332AD24E-CA1A-4D1B-A3D9-1188A304181F}.Release|Any CPU.ActiveCfg = Release|Any CPU
		{332AD24E-CA1A-4D1B-A3D9-1188A304181F}.Release|Any CPU.Build.0 = Release|Any CPU
		{4C1C8386-51F0-4AA1-989C-CEAEE424220C}.Debug|Any CPU.ActiveCfg = Debug|Any CPU
		{4C1C8386-51F0-4AA1-989C-CEAEE424220C}.Debug|Any CPU.Build.0 = Debug|Any CPU
		{4C1C8386-51F0-4AA1-989C-CEAEE424220C}.Release|Any CPU.ActiveCfg = Release|Any CPU
		{4C1C8386-51F0-4AA1-989C-CEAEE424220C}.Release|Any CPU.Build.0 = Release|Any CPU
	EndGlobalSection
	GlobalSection(SolutionProperties) = preSolution
		HideSolutionNode = FALSE
	EndGlobalSection
	GlobalSection(ExtensibilityGlobals) = postSolution
		SolutionGuid = {84F13D19-E161-4C6F-B373-91E6A51E248E}
	EndGlobalSection
EndGlobal
