
Microsoft Visual Studio Solution File, Format Version 12.00
# Visual Studio Version 17
VisualStudioVersion = 17.1.32328.378
MinimumVisualStudioVersion = 10.0.40219.1
Project("{FAE04EC0-301F-11D3-BF4B-00C04F79EFBC}") = "P01.DiagonalDifference", "P01.DiagonalDifference\P01.DiagonalDifference.csproj", "{D2810A30-33B2-4097-9175-AB78C3D75178}"
EndProject
Global
	GlobalSection(SolutionConfigurationPlatforms) = preSolution
		Debug|Any CPU = Debug|Any CPU
		Release|Any CPU = Release|Any CPU
	EndGlobalSection
	GlobalSection(ProjectConfigurationPlatforms) = postSolution
		{D2810A30-33B2-4097-9175-AB78C3D75178}.Debug|Any CPU.ActiveCfg = Debug|Any CPU
		{D2810A30-33B2-4097-9175-AB78C3D75178}.Debug|Any CPU.Build.0 = Debug|Any CPU
		{D2810A30-33B2-4097-9175-AB78C3D75178}.Release|Any CPU.ActiveCfg = Release|Any CPU
		{D2810A30-33B2-4097-9175-AB78C3D75178}.Release|Any CPU.Build.0 = Release|Any CPU
	EndGlobalSection
	GlobalSection(SolutionProperties) = preSolution
		HideSolutionNode = FALSE
	EndGlobalSection
	GlobalSection(ExtensibilityGlobals) = postSolution
		SolutionGuid = {2FF730C1-078D-4B2C-A716-B8001C06B773}
	EndGlobalSection
EndGlobal
